
Microsoft Visual Studio Solution File, Format Version 12.00
# Visual Studio Version 17
VisualStudioVersion = 17.4.33213.308
MinimumVisualStudioVersion = 10.0.40219.1
Project("{FAE04EC0-301F-11D3-BF4B-00C04F79EFBC}") = "OnlineServices.Bridge.Api", "OnlineServices\OnlineServices.Bridge.Api.csproj", "{3AAEED1A-C444-46D0-B333-50381E5EA1E6}"
EndProject
Project("{FAE04EC0-301F-11D3-BF4B-00C04F79EFBC}") = "OnlineServices.Bridge.Common", "OnlineServices.Bridge.Common\OnlineServices.Bridge.Common.csproj", "{F882115E-4FE4-4F04-B6CB-B7D9E9E8CB0C}"
EndProject
Project("{FAE04EC0-301F-11D3-BF4B-00C04F79EFBC}") = "OnlineServices.Bridge.Services", "OnlineServices.Bridge.Services\OnlineServices.Bridge.Services.csproj", "{4A90F81C-48B0-47F0-B2F2-E03871A74D1C}"
EndProject
Project("{FAE04EC0-301F-11D3-BF4B-00C04F79EFBC}") = "OnlineServices.Bridge.DataAccess", "OnlineServices.Bridge.DataAccess\OnlineServices.Bridge.DataAccess.csproj", "{00ED33CE-55D1-4371-A5A7-CED1D96A705C}"
EndProject
Project("{FAE04EC0-301F-11D3-BF4B-00C04F79EFBC}") = "OnlineServices.Bridge.Unit.Test", "OnlineServices.Bridge.Unit.Test\OnlineServices.Bridge.Unit.Test.csproj", "{4298011B-22C1-4CC2-82A1-82F6CD2BB4A9}"
EndProject
Global
	GlobalSection(SolutionConfigurationPlatforms) = preSolution
		Debug|Any CPU = Debug|Any CPU
		Release|Any CPU = Release|Any CPU
	EndGlobalSection
	GlobalSection(ProjectConfigurationPlatforms) = postSolution
		{3AAEED1A-C444-46D0-B333-50381E5EA1E6}.Debug|Any CPU.ActiveCfg = Debug|Any CPU
		{3AAEED1A-C444-46D0-B333-50381E5EA1E6}.Debug|Any CPU.Build.0 = Debug|Any CPU
		{3AAEED1A-C444-46D0-B333-50381E5EA1E6}.Release|Any CPU.ActiveCfg = Release|Any CPU
		{3AAEED1A-C444-46D0-B333-50381E5EA1E6}.Release|Any CPU.Build.0 = Release|Any CPU
		{F882115E-4FE4-4F04-B6CB-B7D9E9E8CB0C}.Debug|Any CPU.ActiveCfg = Debug|Any CPU
		{F882115E-4FE4-4F04-B6CB-B7D9E9E8CB0C}.Debug|Any CPU.Build.0 = Debug|Any CPU
		{F882115E-4FE4-4F04-B6CB-B7D9E9E8CB0C}.Release|Any CPU.ActiveCfg = Release|Any CPU
		{F882115E-4FE4-4F04-B6CB-B7D9E9E8CB0C}.Release|Any CPU.Build.0 = Release|Any CPU
		{4A90F81C-48B0-47F0-B2F2-E03871A74D1C}.Debug|Any CPU.ActiveCfg = Debug|Any CPU
		{4A90F81C-48B0-47F0-B2F2-E03871A74D1C}.Debug|Any CPU.Build.0 = Debug|Any CPU
		{4A90F81C-48B0-47F0-B2F2-E03871A74D1C}.Release|Any CPU.ActiveCfg = Release|Any CPU
		{4A90F81C-48B0-47F0-B2F2-E03871A74D1C}.Release|Any CPU.Build.0 = Release|Any CPU
		{00ED33CE-55D1-4371-A5A7-CED1D96A705C}.Debug|Any CPU.ActiveCfg = Debug|Any CPU
		{00ED33CE-55D1-4371-A5A7-CED1D96A705C}.Debug|Any CPU.Build.0 = Debug|Any CPU
		{00ED33CE-55D1-4371-A5A7-CED1D96A705C}.Release|Any CPU.ActiveCfg = Release|Any CPU
		{00ED33CE-55D1-4371-A5A7-CED1D96A705C}.Release|Any CPU.Build.0 = Release|Any CPU
		{4298011B-22C1-4CC2-82A1-82F6CD2BB4A9}.Debug|Any CPU.ActiveCfg = Debug|Any CPU
		{4298011B-22C1-4CC2-82A1-82F6CD2BB4A9}.Debug|Any CPU.Build.0 = Debug|Any CPU
		{4298011B-22C1-4CC2-82A1-82F6CD2BB4A9}.Release|Any CPU.ActiveCfg = Release|Any CPU
		{4298011B-22C1-4CC2-82A1-82F6CD2BB4A9}.Release|Any CPU.Build.0 = Release|Any CPU
	EndGlobalSection
	GlobalSection(SolutionProperties) = preSolution
		HideSolutionNode = FALSE
	EndGlobalSection
	GlobalSection(ExtensibilityGlobals) = postSolution
		SolutionGuid = {45361C9A-40A6-426F-B112-8AFAF5FF4ADE}
	EndGlobalSection
EndGlobal
